Microsoft Visual Studio Solution File, Format Version 12.00
# Visual Studio Version 16
VisualStudioVersion = 16.0.30002.166
MinimumVisualStudioVersion = 10.0.40219.1
Project("{FAE04EC0-301F-11D3-BF4B-00C04F79EFBC}") = "Covid19DBApp", "Covid19DBApp\Covid19DBApp.csproj", "{E640801E-5933-44DE-B3F6-4A6C0BA32966}"
EndProject
Project("{9A19103F-16F7-4668-BE54-9A1E7A4F7556}") = "Covid19DB", "Covid19DB\Covid19DB.csproj", "{FC1DDE4B-B454-41FF-A035-7D8D7C23672D}"
EndProject
Global
	GlobalSection(SolutionConfigurationPlatforms) = preSolution
		Debug|Any CPU = Debug|Any CPU
		Debug|ARM = Debug|ARM
		Debug|ARM64 = Debug|ARM64
		Debug|x64 = Debug|x64
		Debug|x86 = Debug|x86
		Release|Any CPU = Release|Any CPU
		Release|ARM = Release|ARM
		Release|ARM64 = Release|ARM64
		Release|x64 = Release|x64
		Release|x86 = Release|x86
	EndGlobalSection
	GlobalSection(ProjectConfigurationPlatforms) = postSolution
		{E640801E-5933-44DE-B3F6-4A6C0BA32966}.Debug|Any CPU.ActiveCfg = Debug|x86
		{E640801E-5933-44DE-B3F6-4A6C0BA32966}.Debug|Any CPU.Build.0 = Debug|x86
		{E640801E-5933-44DE-B3F6-4A6C0BA32966}.Debug|Any CPU.Deploy.0 = Debug|x86
		{E640801E-5933-44DE-B3F6-4A6C0BA32966}.Debug|ARM.ActiveCfg = Debug|ARM
		{E640801E-5933-44DE-B3F6-4A6C0BA32966}.Debug|ARM.Build.0 = Debug|ARM
		{E640801E-5933-44DE-B3F6-4A6C0BA32966}.Debug|ARM.Deploy.0 = Debug|ARM
		{E640801E-5933-44DE-B3F6-4A6C0BA32966}.Debug|ARM64.ActiveCfg = Debug|ARM64
		{E640801E-5933-44DE-B3F6-4A6C0BA32966}.Debug|ARM64.Build.0 = Debug|ARM64
		{E640801E-5933-44DE-B3F6-4A6C0BA32966}.Debug|ARM64.Deploy.0 = Debug|ARM64
		{E640801E-5933-44DE-B3F6-4A6C0BA32966}.Debug|x64.ActiveCfg = Debug|x64
		{E640801E-5933-44DE-B3F6-4A6C0BA32966}.Debug|x64.Build.0 = Debug|x64
		{E640801E-5933-44DE-B3F6-4A6C0BA32966}.Debug|x64.Deploy.0 = Debug|x64
		{E640801E-5933-44DE-B3F6-4A6C0BA32966}.Debug|x86.ActiveCfg = Debug|x86
		{E640801E-5933-44DE-B3F6-4A6C0BA32966}.Debug|x86.Build.0 = Debug|x86
		{E640801E-5933-44DE-B3F6-4A6C0BA32966}.Debug|x86.Deploy.0 = Debug|x86
		{E640801E-5933-44DE-B3F6-4A6C0BA32966}.Release|Any CPU.ActiveCfg = Release|x86
		{E640801E-5933-44DE-B3F6-4A6C0BA32966}.Release|ARM.ActiveCfg = Release|ARM
		{E640801E-5933-44DE-B3F6-4A6C0BA32966}.Release|ARM.Build.0 = Release|ARM
		{E640801E-5933-44DE-B3F6-4A6C0BA32966}.Release|ARM.Deploy.0 = Release|ARM
		{E640801E-5933-44DE-B3F6-4A6C0BA32966}.Release|ARM64.ActiveCfg = Release|ARM64
		{E640801E-5933-44DE-B3F6-4A6C0BA32966}.Release|ARM64.Build.0 = Release|ARM64
		{E640801E-5933-44DE-B3F6-4A6C0BA32966}.Release|ARM64.Deploy.0 = Release|ARM64
		{E640801E-5933-44DE-B3F6-4A6C0BA32966}.Release|x64.ActiveCfg = Release|x64
		{E640801E-5933-44DE-B3F6-4A6C0BA32966}.Release|x64.Build.0 = Release|x64
		{E640801E-5933-44DE-B3F6-4A6C0BA32966}.Release|x64.Deploy.0 = Release|x64
		{E640801E-5933-44DE-B3F6-4A6C0BA32966}.Release|x86.ActiveCfg = Release|x86
		{E640801E-5933-44DE-B3F6-4A6C0BA32966}.Release|x86.Build.0 = Release|x86
		{E640801E-5933-44DE-B3F6-4A6C0BA32966}.Release|x86.Deploy.0 = Release|x86
		{FC1DDE4B-B454-41FF-A035-7D8D7C23672D}.Debug|Any CPU.ActiveCfg = Debug|Any CPU
		{FC1DDE4B-B454-41FF-A035-7D8D7C23672D}.Debug|Any CPU.Build.0 = Debug|Any CPU
		{FC1DDE4B-B454-41FF-A035-7D8D7C23672D}.Debug|ARM.ActiveCfg = Debug|Any CPU
		{FC1DDE4B-B454-41FF-A035-7D8D7C23672D}.Debug|ARM.Build.0 = Debug|Any CPU
		{FC1DDE4B-B454-41FF-A035-7D8D7C23672D}.Debug|ARM64.ActiveCfg = Debug|Any CPU
		{FC1DDE4B-B454-41FF-A035-7D8D7C23672D}.Debug|ARM64.Build.0 = Debug|Any CPU
		{FC1DDE4B-B454-41FF-A035-7D8D7C23672D}.Debug|x64.ActiveCfg = Debug|Any CPU
		{FC1DDE4B-B454-41FF-A035-7D8D7C23672D}.Debug|x64.Build.0 = Debug|Any CPU
		{FC1DDE4B-B454-41FF-A035-7D8D7C23672D}.Debug|x86.ActiveCfg = Debug|Any CPU
		{FC1DDE4B-B454-41FF-A035-7D8D7C23672D}.Debug|x86.Build.0 = Debug|Any CPU
		{FC1DDE4B-B454-41FF-A035-7D8D7C23672D}.Release|Any CPU.ActiveCfg = Release|Any CPU
		{FC1DDE4B-B454-41FF-A035-7D8D7C23672D}.Release|Any CPU.Build.0 = Release|Any CPU
		{FC1DDE4B-B454-41FF-A035-7D8D7C23672D}.Release|ARM.ActiveCfg = Release|Any CPU
		{FC1DDE4B-B454-41FF-A035-7D8D7C23672D}.Release|ARM.Build.0 = Release|Any CPU
		{FC1DDE4B-B454-41FF-A035-7D8D7C23672D}.Release|ARM64.ActiveCfg = Release|Any CPU
		{FC1DDE4B-B454-41FF-A035-7D8D7C23672D}.Release|ARM64.Build.0 = Release|Any CPU
		{FC1DDE4B-B454-41FF-A035-7D8D7C23672D}.Release|x64.ActiveCfg = Release|Any CPU
		{FC1DDE4B-B454-41FF-A035-7D8D7C23672D}.Release|x64.Build.0 = Release|Any CPU
		{FC1DDE4B-B454-41FF-A035-7D8D7C23672D}.Release|x86.ActiveCfg = Release|Any CPU
		{FC1DDE4B-B454-41FF-A035-7D8D7C23672D}.Release|x86.Build.0 = Release|Any CPU
	EndGlobalSection
	GlobalSection(SolutionProperties) = preSolution
		HideSolutionNode = FALSE
	EndGlobalSection
	GlobalSection(ExtensibilityGlobals) = postSolution
		SolutionGuid = {BE68CB2A-66E8-42F0-930C-0455474214FB}
	EndGlobalSection
EndGlobal
