Microsoft Visual Studio Solution File, Format Version 12.00
# Visual Studio Version 16
VisualStudioVersion = 16.0.30002.166
MinimumVisualStudioVersion = 10.0.40219.1
Project("{9A19103F-16F7-4668-BE54-9A1E7A4F7556}") = "Covid19DB", "Covid19DB\Covid19DB.csproj", "{FC1DDE4B-B454-41FF-A035-7D8D7C23672D}"
EndProject
Project("{2150E333-8FDC-42A3-9474-1A3956D46DE8}") = "Solution Items", "Solution Items", "{839A64EC-AC54-4C8B-AE4E-2D5A7B19C74F}"
	ProjectSection(SolutionItems) = preProject
		.editorconfig = .editorconfig
	EndProjectSection
EndProject
Project("{D954291E-2A0B-460D-934E-DC6B0785DB48}") = "Covid19DBUno.Shared", "Covid19DBUno\Covid19DBUno.Shared\Covid19DBUno.Shared.shproj", "{6279C845-92F8-4333-AB99-3D213163593C}"
EndProject
Project("{FAE04EC0-301F-11D3-BF4B-00C04F79EFBC}") = "Covid19DBUno.Droid", "Covid19DBUno\Covid19DBUno.Droid\Covid19DBUno.Droid.csproj", "{91911CBA-06E2-4EE7-911C-1420DCBBD38D}"
EndProject
Project("{FAE04EC0-301F-11D3-BF4B-00C04F79EFBC}") = "Covid19DBUno.iOS", "Covid19DBUno\Covid19DBUno.iOS\Covid19DBUno.iOS.csproj", "{F42271B8-5902-4C85-84FD-AF726CE1F324}"
EndProject
Project("{FAE04EC0-301F-11D3-BF4B-00C04F79EFBC}") = "Covid19DBUno.UWP", "Covid19DBUno\Covid19DBUno.UWP\Covid19DBUno.UWP.csproj", "{72B04331-D290-41D6-95FC-983EEE56741E}"
EndProject
Project("{FAE04EC0-301F-11D3-BF4B-00C04F79EFBC}") = "Covid19DBUno.Wasm", "Covid19DBUno\Covid19DBUno.Wasm\Covid19DBUno.Wasm.csproj", "{011B686A-9B27-4BC6-8100-EF2F15727371}"
EndProject
Project("{FAE04EC0-301F-11D3-BF4B-00C04F79EFBC}") = "Covid19DBUno.macOS", "Covid19DBUno\Covid19DBUno.macOS\Covid19DBUno.macOS.csproj", "{91CF142F-575D-4F71-AC74-195B8FA61FDC}"
EndProject
Global
	GlobalSection(SharedMSBuildProjectFiles) = preSolution
		Covid19DBUno\Covid19DBUno.Shared\Covid19DBUno.Shared.projitems*{011b686a-9b27-4bc6-8100-ef2f15727371}*SharedItemsImports = 5
		Covid19DBUno\Covid19DBUno.Shared\Covid19DBUno.Shared.projitems*{6279c845-92f8-4333-ab99-3d213163593c}*SharedItemsImports = 13
		Covid19DBUno\Covid19DBUno.Shared\Covid19DBUno.Shared.projitems*{72b04331-d290-41d6-95fc-983eee56741e}*SharedItemsImports = 4
		Covid19DBUno\Covid19DBUno.Shared\Covid19DBUno.Shared.projitems*{91911cba-06e2-4ee7-911c-1420dcbbd38d}*SharedItemsImports = 4
		Covid19DBUno\Covid19DBUno.Shared\Covid19DBUno.Shared.projitems*{91cf142f-575d-4f71-ac74-195b8fa61fdc}*SharedItemsImports = 4
		Covid19DBUno\Covid19DBUno.Shared\Covid19DBUno.Shared.projitems*{f42271b8-5902-4c85-84fd-af726ce1f324}*SharedItemsImports = 4
	EndGlobalSection
	GlobalSection(SolutionConfigurationPlatforms) = preSolution
		Ad-Hoc|Any CPU = Ad-Hoc|Any CPU
		Ad-Hoc|ARM = Ad-Hoc|ARM
		Ad-Hoc|ARM64 = Ad-Hoc|ARM64
		Ad-Hoc|iPhone = Ad-Hoc|iPhone
		Ad-Hoc|iPhoneSimulator = Ad-Hoc|iPhoneSimulator
		Ad-Hoc|x64 = Ad-Hoc|x64
		Ad-Hoc|x86 = Ad-Hoc|x86
		AppStore|Any CPU = AppStore|Any CPU
		AppStore|ARM = AppStore|ARM
		AppStore|ARM64 = AppStore|ARM64
		AppStore|iPhone = AppStore|iPhone
		AppStore|iPhoneSimulator = AppStore|iPhoneSimulator
		AppStore|x64 = AppStore|x64
		AppStore|x86 = AppStore|x86
		Debug|Any CPU = Debug|Any CPU
		Debug|ARM = Debug|ARM
		Debug|ARM64 = Debug|ARM64
		Debug|iPhone = Debug|iPhone
		Debug|iPhoneSimulator = Debug|iPhoneSimulator
		Debug|x64 = Debug|x64
		Debug|x86 = Debug|x86
		Release|Any CPU = Release|Any CPU
		Release|ARM = Release|ARM
		Release|ARM64 = Release|ARM64
		Release|iPhone = Release|iPhone
		Release|iPhoneSimulator = Release|iPhoneSimulator
		Release|x64 = Release|x64
		Release|x86 = Release|x86
	EndGlobalSection
	GlobalSection(ProjectConfigurationPlatforms) = postSolution
		{FC1DDE4B-B454-41FF-A035-7D8D7C23672D}.Ad-Hoc|Any CPU.ActiveCfg = Release|Any CPU
		{FC1DDE4B-B454-41FF-A035-7D8D7C23672D}.Ad-Hoc|Any CPU.Build.0 = Release|Any CPU
		{FC1DDE4B-B454-41FF-A035-7D8D7C23672D}.Ad-Hoc|ARM.ActiveCfg = Release|Any CPU
		{FC1DDE4B-B454-41FF-A035-7D8D7C23672D}.Ad-Hoc|ARM.Build.0 = Release|Any CPU
		{FC1DDE4B-B454-41FF-A035-7D8D7C23672D}.Ad-Hoc|ARM64.ActiveCfg = Release|Any CPU
		{FC1DDE4B-B454-41FF-A035-7D8D7C23672D}.Ad-Hoc|ARM64.Build.0 = Release|Any CPU
		{FC1DDE4B-B454-41FF-A035-7D8D7C23672D}.Ad-Hoc|iPhone.ActiveCfg = Release|Any CPU
		{FC1DDE4B-B454-41FF-A035-7D8D7C23672D}.Ad-Hoc|iPhone.Build.0 = Release|Any CPU
		{FC1DDE4B-B454-41FF-A035-7D8D7C23672D}.Ad-Hoc|iPhoneSimulator.ActiveCfg = Release|Any CPU
		{FC1DDE4B-B454-41FF-A035-7D8D7C23672D}.Ad-Hoc|iPhoneSimulator.Build.0 = Release|Any CPU
		{FC1DDE4B-B454-41FF-A035-7D8D7C23672D}.Ad-Hoc|x64.ActiveCfg = Release|Any CPU
		{FC1DDE4B-B454-41FF-A035-7D8D7C23672D}.Ad-Hoc|x64.Build.0 = Release|Any CPU
		{FC1DDE4B-B454-41FF-A035-7D8D7C23672D}.Ad-Hoc|x86.ActiveCfg = Release|Any CPU
		{FC1DDE4B-B454-41FF-A035-7D8D7C23672D}.Ad-Hoc|x86.Build.0 = Release|Any CPU
		{FC1DDE4B-B454-41FF-A035-7D8D7C23672D}.AppStore|Any CPU.ActiveCfg = Release|Any CPU
		{FC1DDE4B-B454-41FF-A035-7D8D7C23672D}.AppStore|Any CPU.Build.0 = Release|Any CPU
		{FC1DDE4B-B454-41FF-A035-7D8D7C23672D}.AppStore|ARM.ActiveCfg = Release|Any CPU
		{FC1DDE4B-B454-41FF-A035-7D8D7C23672D}.AppStore|ARM.Build.0 = Release|Any CPU
		{FC1DDE4B-B454-41FF-A035-7D8D7C23672D}.AppStore|ARM64.ActiveCfg = Release|Any CPU
		{FC1DDE4B-B454-41FF-A035-7D8D7C23672D}.AppStore|ARM64.Build.0 = Release|Any CPU
		{FC1DDE4B-B454-41FF-A035-7D8D7C23672D}.AppStore|iPhone.ActiveCfg = Release|Any CPU
		{FC1DDE4B-B454-41FF-A035-7D8D7C23672D}.AppStore|iPhone.Build.0 = Release|Any CPU
		{FC1DDE4B-B454-41FF-A035-7D8D7C23672D}.AppStore|iPhoneSimulator.ActiveCfg = Release|Any CPU
		{FC1DDE4B-B454-41FF-A035-7D8D7C23672D}.AppStore|iPhoneSimulator.Build.0 = Release|Any CPU
		{FC1DDE4B-B454-41FF-A035-7D8D7C23672D}.AppStore|x64.ActiveCfg = Release|Any CPU
		{FC1DDE4B-B454-41FF-A035-7D8D7C23672D}.AppStore|x64.Build.0 = Release|Any CPU
		{FC1DDE4B-B454-41FF-A035-7D8D7C23672D}.AppStore|x86.ActiveCfg = Release|Any CPU
		{FC1DDE4B-B454-41FF-A035-7D8D7C23672D}.AppStore|x86.Build.0 = Release|Any CPU
		{FC1DDE4B-B454-41FF-A035-7D8D7C23672D}.Debug|Any CPU.ActiveCfg = Debug|Any CPU
		{FC1DDE4B-B454-41FF-A035-7D8D7C23672D}.Debug|Any CPU.Build.0 = Debug|Any CPU
		{FC1DDE4B-B454-41FF-A035-7D8D7C23672D}.Debug|ARM.ActiveCfg = Debug|Any CPU
		{FC1DDE4B-B454-41FF-A035-7D8D7C23672D}.Debug|ARM.Build.0 = Debug|Any CPU
		{FC1DDE4B-B454-41FF-A035-7D8D7C23672D}.Debug|ARM64.ActiveCfg = Debug|Any CPU
		{FC1DDE4B-B454-41FF-A035-7D8D7C23672D}.Debug|ARM64.Build.0 = Debug|Any CPU
		{FC1DDE4B-B454-41FF-A035-7D8D7C23672D}.Debug|iPhone.ActiveCfg = Debug|Any CPU
		{FC1DDE4B-B454-41FF-A035-7D8D7C23672D}.Debug|iPhone.Build.0 = Debug|Any CPU
		{FC1DDE4B-B454-41FF-A035-7D8D7C23672D}.Debug|iPhoneSimulator.ActiveCfg = Debug|Any CPU
		{FC1DDE4B-B454-41FF-A035-7D8D7C23672D}.Debug|iPhoneSimulator.Build.0 = Debug|Any CPU
		{FC1DDE4B-B454-41FF-A035-7D8D7C23672D}.Debug|x64.ActiveCfg = Debug|Any CPU
		{FC1DDE4B-B454-41FF-A035-7D8D7C23672D}.Debug|x64.Build.0 = Debug|Any CPU
		{FC1DDE4B-B454-41FF-A035-7D8D7C23672D}.Debug|x86.ActiveCfg = Debug|Any CPU
		{FC1DDE4B-B454-41FF-A035-7D8D7C23672D}.Debug|x86.Build.0 = Debug|Any CPU
		{FC1DDE4B-B454-41FF-A035-7D8D7C23672D}.Release|Any CPU.ActiveCfg = Release|Any CPU
		{FC1DDE4B-B454-41FF-A035-7D8D7C23672D}.Release|Any CPU.Build.0 = Release|Any CPU
		{FC1DDE4B-B454-41FF-A035-7D8D7C23672D}.Release|ARM.ActiveCfg = Release|Any CPU
		{FC1DDE4B-B454-41FF-A035-7D8D7C23672D}.Release|ARM.Build.0 = Release|Any CPU
		{FC1DDE4B-B454-41FF-A035-7D8D7C23672D}.Release|ARM64.ActiveCfg = Release|Any CPU
		{FC1DDE4B-B454-41FF-A035-7D8D7C23672D}.Release|ARM64.Build.0 = Release|Any CPU
		{FC1DDE4B-B454-41FF-A035-7D8D7C23672D}.Release|iPhone.ActiveCfg = Release|Any CPU
		{FC1DDE4B-B454-41FF-A035-7D8D7C23672D}.Release|iPhone.Build.0 = Release|Any CPU
		{FC1DDE4B-B454-41FF-A035-7D8D7C23672D}.Release|iPhoneSimulator.ActiveCfg = Release|Any CPU
		{FC1DDE4B-B454-41FF-A035-7D8D7C23672D}.Release|iPhoneSimulator.Build.0 = Release|Any CPU
		{FC1DDE4B-B454-41FF-A035-7D8D7C23672D}.Release|x64.ActiveCfg = Release|Any CPU
		{FC1DDE4B-B454-41FF-A035-7D8D7C23672D}.Release|x64.Build.0 = Release|Any CPU
		{FC1DDE4B-B454-41FF-A035-7D8D7C23672D}.Release|x86.ActiveCfg = Release|Any CPU
		{FC1DDE4B-B454-41FF-A035-7D8D7C23672D}.Release|x86.Build.0 = Release|Any CPU
		{91911CBA-06E2-4EE7-911C-1420DCBBD38D}.Ad-Hoc|Any CPU.ActiveCfg = Release|Any CPU
		{91911CBA-06E2-4EE7-911C-1420DCBBD38D}.Ad-Hoc|Any CPU.Build.0 = Release|Any CPU
		{91911CBA-06E2-4EE7-911C-1420DCBBD38D}.Ad-Hoc|Any CPU.Deploy.0 = Release|Any CPU
		{91911CBA-06E2-4EE7-911C-1420DCBBD38D}.Ad-Hoc|ARM.ActiveCfg = Release|Any CPU
		{91911CBA-06E2-4EE7-911C-1420DCBBD38D}.Ad-Hoc|ARM.Build.0 = Release|Any CPU
		{91911CBA-06E2-4EE7-911C-1420DCBBD38D}.Ad-Hoc|ARM.Deploy.0 = Release|Any CPU
		{91911CBA-06E2-4EE7-911C-1420DCBBD38D}.Ad-Hoc|ARM64.ActiveCfg = Release|Any CPU
		{91911CBA-06E2-4EE7-911C-1420DCBBD38D}.Ad-Hoc|ARM64.Build.0 = Release|Any CPU
		{91911CBA-06E2-4EE7-911C-1420DCBBD38D}.Ad-Hoc|ARM64.Deploy.0 = Release|Any CPU
		{91911CBA-06E2-4EE7-911C-1420DCBBD38D}.Ad-Hoc|iPhone.ActiveCfg = Release|Any CPU
		{91911CBA-06E2-4EE7-911C-1420DCBBD38D}.Ad-Hoc|iPhone.Build.0 = Release|Any CPU
		{91911CBA-06E2-4EE7-911C-1420DCBBD38D}.Ad-Hoc|iPhone.Deploy.0 = Release|Any CPU
		{91911CBA-06E2-4EE7-911C-1420DCBBD38D}.Ad-Hoc|iPhoneSimulator.ActiveCfg = Release|Any CPU
		{91911CBA-06E2-4EE7-911C-1420DCBBD38D}.Ad-Hoc|iPhoneSimulator.Build.0 = Release|Any CPU
		{91911CBA-06E2-4EE7-911C-1420DCBBD38D}.Ad-Hoc|iPhoneSimulator.Deploy.0 = Release|Any CPU
		{91911CBA-06E2-4EE7-911C-1420DCBBD38D}.Ad-Hoc|x64.ActiveCfg = Release|Any CPU
		{91911CBA-06E2-4EE7-911C-1420DCBBD38D}.Ad-Hoc|x64.Build.0 = Release|Any CPU
		{91911CBA-06E2-4EE7-911C-1420DCBBD38D}.Ad-Hoc|x64.Deploy.0 = Release|Any CPU
		{91911CBA-06E2-4EE7-911C-1420DCBBD38D}.Ad-Hoc|x86.ActiveCfg = Release|Any CPU
		{91911CBA-06E2-4EE7-911C-1420DCBBD38D}.Ad-Hoc|x86.Build.0 = Release|Any CPU
		{91911CBA-06E2-4EE7-911C-1420DCBBD38D}.Ad-Hoc|x86.Deploy.0 = Release|Any CPU
		{91911CBA-06E2-4EE7-911C-1420DCBBD38D}.AppStore|Any CPU.ActiveCfg = Release|Any CPU
		{91911CBA-06E2-4EE7-911C-1420DCBBD38D}.AppStore|Any CPU.Build.0 = Release|Any CPU
		{91911CBA-06E2-4EE7-911C-1420DCBBD38D}.AppStore|Any CPU.Deploy.0 = Release|Any CPU
		{91911CBA-06E2-4EE7-911C-1420DCBBD38D}.AppStore|ARM.ActiveCfg = Release|Any CPU
		{91911CBA-06E2-4EE7-911C-1420DCBBD38D}.AppStore|ARM.Build.0 = Release|Any CPU
		{91911CBA-06E2-4EE7-911C-1420DCBBD38D}.AppStore|ARM.Deploy.0 = Release|Any CPU
		{91911CBA-06E2-4EE7-911C-1420DCBBD38D}.AppStore|ARM64.ActiveCfg = Release|Any CPU
		{91911CBA-06E2-4EE7-911C-1420DCBBD38D}.AppStore|ARM64.Build.0 = Release|Any CPU
		{91911CBA-06E2-4EE7-911C-1420DCBBD38D}.AppStore|ARM64.Deploy.0 = Release|Any CPU
		{91911CBA-06E2-4EE7-911C-1420DCBBD38D}.AppStore|iPhone.ActiveCfg = Release|Any CPU
		{91911CBA-06E2-4EE7-911C-1420DCBBD38D}.AppStore|iPhone.Build.0 = Release|Any CPU
		{91911CBA-06E2-4EE7-911C-1420DCBBD38D}.AppStore|iPhone.Deploy.0 = Release|Any CPU
		{91911CBA-06E2-4EE7-911C-1420DCBBD38D}.AppStore|iPhoneSimulator.ActiveCfg = Release|Any CPU
		{91911CBA-06E2-4EE7-911C-1420DCBBD38D}.AppStore|iPhoneSimulator.Build.0 = Release|Any CPU
		{91911CBA-06E2-4EE7-911C-1420DCBBD38D}.AppStore|iPhoneSimulator.Deploy.0 = Release|Any CPU
		{91911CBA-06E2-4EE7-911C-1420DCBBD38D}.AppStore|x64.ActiveCfg = Release|Any CPU
		{91911CBA-06E2-4EE7-911C-1420DCBBD38D}.AppStore|x64.Build.0 = Release|Any CPU
		{91911CBA-06E2-4EE7-911C-1420DCBBD38D}.AppStore|x64.Deploy.0 = Release|Any CPU
		{91911CBA-06E2-4EE7-911C-1420DCBBD38D}.AppStore|x86.ActiveCfg = Release|Any CPU
		{91911CBA-06E2-4EE7-911C-1420DCBBD38D}.AppStore|x86.Build.0 = Release|Any CPU
		{91911CBA-06E2-4EE7-911C-1420DCBBD38D}.AppStore|x86.Deploy.0 = Release|Any CPU
		{91911CBA-06E2-4EE7-911C-1420DCBBD38D}.Debug|Any CPU.ActiveCfg = Debug|Any CPU
		{91911CBA-06E2-4EE7-911C-1420DCBBD38D}.Debug|Any CPU.Build.0 = Debug|Any CPU
		{91911CBA-06E2-4EE7-911C-1420DCBBD38D}.Debug|Any CPU.Deploy.0 = Debug|Any CPU
		{91911CBA-06E2-4EE7-911C-1420DCBBD38D}.Debug|ARM.ActiveCfg = Debug|Any CPU
		{91911CBA-06E2-4EE7-911C-1420DCBBD38D}.Debug|ARM.Build.0 = Debug|Any CPU
		{91911CBA-06E2-4EE7-911C-1420DCBBD38D}.Debug|ARM.Deploy.0 = Debug|Any CPU
		{91911CBA-06E2-4EE7-911C-1420DCBBD38D}.Debug|ARM64.ActiveCfg = Debug|Any CPU
		{91911CBA-06E2-4EE7-911C-1420DCBBD38D}.Debug|ARM64.Build.0 = Debug|Any CPU
		{91911CBA-06E2-4EE7-911C-1420DCBBD38D}.Debug|ARM64.Deploy.0 = Debug|Any CPU
		{91911CBA-06E2-4EE7-911C-1420DCBBD38D}.Debug|iPhone.ActiveCfg = Debug|Any CPU
		{91911CBA-06E2-4EE7-911C-1420DCBBD38D}.Debug|iPhone.Build.0 = Debug|Any CPU
		{91911CBA-06E2-4EE7-911C-1420DCBBD38D}.Debug|iPhone.Deploy.0 = Debug|Any CPU
		{91911CBA-06E2-4EE7-911C-1420DCBBD38D}.Debug|iPhoneSimulator.ActiveCfg = Debug|Any CPU
		{91911CBA-06E2-4EE7-911C-1420DCBBD38D}.Debug|iPhoneSimulator.Build.0 = Debug|Any CPU
		{91911CBA-06E2-4EE7-911C-1420DCBBD38D}.Debug|iPhoneSimulator.Deploy.0 = Debug|Any CPU
		{91911CBA-06E2-4EE7-911C-1420DCBBD38D}.Debug|x64.ActiveCfg = Debug|Any CPU
		{91911CBA-06E2-4EE7-911C-1420DCBBD38D}.Debug|x64.Build.0 = Debug|Any CPU
		{91911CBA-06E2-4EE7-911C-1420DCBBD38D}.Debug|x64.Deploy.0 = Debug|Any CPU
		{91911CBA-06E2-4EE7-911C-1420DCBBD38D}.Debug|x86.ActiveCfg = Debug|Any CPU
		{91911CBA-06E2-4EE7-911C-1420DCBBD38D}.Debug|x86.Build.0 = Debug|Any CPU
		{91911CBA-06E2-4EE7-911C-1420DCBBD38D}.Debug|x86.Deploy.0 = Debug|Any CPU
		{91911CBA-06E2-4EE7-911C-1420DCBBD38D}.Release|Any CPU.ActiveCfg = Release|Any CPU
		{91911CBA-06E2-4EE7-911C-1420DCBBD38D}.Release|Any CPU.Build.0 = Release|Any CPU
		{91911CBA-06E2-4EE7-911C-1420DCBBD38D}.Release|Any CPU.Deploy.0 = Release|Any CPU
		{91911CBA-06E2-4EE7-911C-1420DCBBD38D}.Release|ARM.ActiveCfg = Release|Any CPU
		{91911CBA-06E2-4EE7-911C-1420DCBBD38D}.Release|ARM.Build.0 = Release|Any CPU
		{91911CBA-06E2-4EE7-911C-1420DCBBD38D}.Release|ARM.Deploy.0 = Release|Any CPU
		{91911CBA-06E2-4EE7-911C-1420DCBBD38D}.Release|ARM64.ActiveCfg = Release|Any CPU
		{91911CBA-06E2-4EE7-911C-1420DCBBD38D}.Release|ARM64.Build.0 = Release|Any CPU
		{91911CBA-06E2-4EE7-911C-1420DCBBD38D}.Release|ARM64.Deploy.0 = Release|Any CPU
		{91911CBA-06E2-4EE7-911C-1420DCBBD38D}.Release|iPhone.ActiveCfg = Release|Any CPU
		{91911CBA-06E2-4EE7-911C-1420DCBBD38D}.Release|iPhone.Build.0 = Release|Any CPU
		{91911CBA-06E2-4EE7-911C-1420DCBBD38D}.Release|iPhone.Deploy.0 = Release|Any CPU
		{91911CBA-06E2-4EE7-911C-1420DCBBD38D}.Release|iPhoneSimulator.ActiveCfg = Release|Any CPU
		{91911CBA-06E2-4EE7-911C-1420DCBBD38D}.Release|iPhoneSimulator.Build.0 = Release|Any CPU
		{91911CBA-06E2-4EE7-911C-1420DCBBD38D}.Release|iPhoneSimulator.Deploy.0 = Release|Any CPU
		{91911CBA-06E2-4EE7-911C-1420DCBBD38D}.Release|x64.ActiveCfg = Release|Any CPU
		{91911CBA-06E2-4EE7-911C-1420DCBBD38D}.Release|x64.Build.0 = Release|Any CPU
		{91911CBA-06E2-4EE7-911C-1420DCBBD38D}.Release|x64.Deploy.0 = Release|Any CPU
		{91911CBA-06E2-4EE7-911C-1420DCBBD38D}.Release|x86.ActiveCfg = Release|Any CPU
		{91911CBA-06E2-4EE7-911C-1420DCBBD38D}.Release|x86.Build.0 = Release|Any CPU
		{91911CBA-06E2-4EE7-911C-1420DCBBD38D}.Release|x86.Deploy.0 = Release|Any CPU
		{F42271B8-5902-4C85-84FD-AF726CE1F324}.Ad-Hoc|Any CPU.ActiveCfg = Ad-Hoc|iPhone
		{F42271B8-5902-4C85-84FD-AF726CE1F324}.Ad-Hoc|ARM.ActiveCfg = Ad-Hoc|iPhone
		{F42271B8-5902-4C85-84FD-AF726CE1F324}.Ad-Hoc|ARM64.ActiveCfg = Ad-Hoc|iPhone
		{F42271B8-5902-4C85-84FD-AF726CE1F324}.Ad-Hoc|iPhone.ActiveCfg = Ad-Hoc|iPhone
		{F42271B8-5902-4C85-84FD-AF726CE1F324}.Ad-Hoc|iPhone.Build.0 = Ad-Hoc|iPhone
		{F42271B8-5902-4C85-84FD-AF726CE1F324}.Ad-Hoc|iPhoneSimulator.ActiveCfg = Ad-Hoc|iPhoneSimulator
		{F42271B8-5902-4C85-84FD-AF726CE1F324}.Ad-Hoc|iPhoneSimulator.Build.0 = Ad-Hoc|iPhoneSimulator
		{F42271B8-5902-4C85-84FD-AF726CE1F324}.Ad-Hoc|x64.ActiveCfg = Ad-Hoc|iPhone
		{F42271B8-5902-4C85-84FD-AF726CE1F324}.Ad-Hoc|x86.ActiveCfg = Ad-Hoc|iPhone
		{F42271B8-5902-4C85-84FD-AF726CE1F324}.AppStore|Any CPU.ActiveCfg = AppStore|iPhone
		{F42271B8-5902-4C85-84FD-AF726CE1F324}.AppStore|ARM.ActiveCfg = AppStore|iPhone
		{F42271B8-5902-4C85-84FD-AF726CE1F324}.AppStore|ARM64.ActiveCfg = AppStore|iPhone
		{F42271B8-5902-4C85-84FD-AF726CE1F324}.AppStore|iPhone.ActiveCfg = AppStore|iPhone
		{F42271B8-5902-4C85-84FD-AF726CE1F324}.AppStore|iPhone.Build.0 = AppStore|iPhone
		{F42271B8-5902-4C85-84FD-AF726CE1F324}.AppStore|iPhoneSimulator.ActiveCfg = AppStore|iPhoneSimulator
		{F42271B8-5902-4C85-84FD-AF726CE1F324}.AppStore|iPhoneSimulator.Build.0 = AppStore|iPhoneSimulator
		{F42271B8-5902-4C85-84FD-AF726CE1F324}.AppStore|x64.ActiveCfg = AppStore|iPhone
		{F42271B8-5902-4C85-84FD-AF726CE1F324}.AppStore|x86.ActiveCfg = AppStore|iPhone
		{F42271B8-5902-4C85-84FD-AF726CE1F324}.Debug|Any CPU.ActiveCfg = Debug|iPhone
		{F42271B8-5902-4C85-84FD-AF726CE1F324}.Debug|ARM.ActiveCfg = Debug|iPhone
		{F42271B8-5902-4C85-84FD-AF726CE1F324}.Debug|ARM64.ActiveCfg = Debug|iPhone
		{F42271B8-5902-4C85-84FD-AF726CE1F324}.Debug|iPhone.ActiveCfg = Debug|iPhone
		{F42271B8-5902-4C85-84FD-AF726CE1F324}.Debug|iPhone.Build.0 = Debug|iPhone
		{F42271B8-5902-4C85-84FD-AF726CE1F324}.Debug|iPhoneSimulator.ActiveCfg = Debug|iPhoneSimulator
		{F42271B8-5902-4C85-84FD-AF726CE1F324}.Debug|iPhoneSimulator.Build.0 = Debug|iPhoneSimulator
		{F42271B8-5902-4C85-84FD-AF726CE1F324}.Debug|x64.ActiveCfg = Debug|iPhone
		{F42271B8-5902-4C85-84FD-AF726CE1F324}.Debug|x86.ActiveCfg = Debug|iPhone
		{F42271B8-5902-4C85-84FD-AF726CE1F324}.Release|Any CPU.ActiveCfg = Release|iPhone
		{F42271B8-5902-4C85-84FD-AF726CE1F324}.Release|ARM.ActiveCfg = Release|iPhone
		{F42271B8-5902-4C85-84FD-AF726CE1F324}.Release|ARM64.ActiveCfg = Release|iPhone
		{F42271B8-5902-4C85-84FD-AF726CE1F324}.Release|iPhone.ActiveCfg = Release|iPhone
		{F42271B8-5902-4C85-84FD-AF726CE1F324}.Release|iPhone.Build.0 = Release|iPhone
		{F42271B8-5902-4C85-84FD-AF726CE1F324}.Release|iPhoneSimulator.ActiveCfg = Release|iPhoneSimulator
		{F42271B8-5902-4C85-84FD-AF726CE1F324}.Release|iPhoneSimulator.Build.0 = Release|iPhoneSimulator
		{F42271B8-5902-4C85-84FD-AF726CE1F324}.Release|x64.ActiveCfg = Release|iPhone
		{F42271B8-5902-4C85-84FD-AF726CE1F324}.Release|x86.ActiveCfg = Release|iPhone
		{72B04331-D290-41D6-95FC-983EEE56741E}.Ad-Hoc|Any CPU.ActiveCfg = Release|x64
		{72B04331-D290-41D6-95FC-983EEE56741E}.Ad-Hoc|Any CPU.Build.0 = Release|x64
		{72B04331-D290-41D6-95FC-983EEE56741E}.Ad-Hoc|Any CPU.Deploy.0 = Release|x64
		{72B04331-D290-41D6-95FC-983EEE56741E}.Ad-Hoc|ARM.ActiveCfg = Release|ARM
		{72B04331-D290-41D6-95FC-983EEE56741E}.Ad-Hoc|ARM.Build.0 = Release|ARM
		{72B04331-D290-41D6-95FC-983EEE56741E}.Ad-Hoc|ARM.Deploy.0 = Release|ARM
		{72B04331-D290-41D6-95FC-983EEE56741E}.Ad-Hoc|ARM64.ActiveCfg = Release|ARM64
		{72B04331-D290-41D6-95FC-983EEE56741E}.Ad-Hoc|ARM64.Build.0 = Release|ARM64
		{72B04331-D290-41D6-95FC-983EEE56741E}.Ad-Hoc|ARM64.Deploy.0 = Release|ARM64
		{72B04331-D290-41D6-95FC-983EEE56741E}.Ad-Hoc|iPhone.ActiveCfg = Release|x64
		{72B04331-D290-41D6-95FC-983EEE56741E}.Ad-Hoc|iPhone.Build.0 = Release|x64
		{72B04331-D290-41D6-95FC-983EEE56741E}.Ad-Hoc|iPhone.Deploy.0 = Release|x64
		{72B04331-D290-41D6-95FC-983EEE56741E}.Ad-Hoc|iPhoneSimulator.ActiveCfg = Release|x64
		{72B04331-D290-41D6-95FC-983EEE56741E}.Ad-Hoc|iPhoneSimulator.Build.0 = Release|x64
		{72B04331-D290-41D6-95FC-983EEE56741E}.Ad-Hoc|iPhoneSimulator.Deploy.0 = Release|x64
		{72B04331-D290-41D6-95FC-983EEE56741E}.Ad-Hoc|x64.ActiveCfg = Release|x64
		{72B04331-D290-41D6-95FC-983EEE56741E}.Ad-Hoc|x64.Build.0 = Release|x64
		{72B04331-D290-41D6-95FC-983EEE56741E}.Ad-Hoc|x64.Deploy.0 = Release|x64
		{72B04331-D290-41D6-95FC-983EEE56741E}.Ad-Hoc|x86.ActiveCfg = Release|x86
		{72B04331-D290-41D6-95FC-983EEE56741E}.Ad-Hoc|x86.Build.0 = Release|x86
		{72B04331-D290-41D6-95FC-983EEE56741E}.Ad-Hoc|x86.Deploy.0 = Release|x86
		{72B04331-D290-41D6-95FC-983EEE56741E}.AppStore|Any CPU.ActiveCfg = Release|x64
		{72B04331-D290-41D6-95FC-983EEE56741E}.AppStore|Any CPU.Build.0 = Release|x64
		{72B04331-D290-41D6-95FC-983EEE56741E}.AppStore|Any CPU.Deploy.0 = Release|x64
		{72B04331-D290-41D6-95FC-983EEE56741E}.AppStore|ARM.ActiveCfg = Release|ARM
		{72B04331-D290-41D6-95FC-983EEE56741E}.AppStore|ARM.Build.0 = Release|ARM
		{72B04331-D290-41D6-95FC-983EEE56741E}.AppStore|ARM.Deploy.0 = Release|ARM
		{72B04331-D290-41D6-95FC-983EEE56741E}.AppStore|ARM64.ActiveCfg = Release|ARM64
		{72B04331-D290-41D6-95FC-983EEE56741E}.AppStore|ARM64.Build.0 = Release|ARM64
		{72B04331-D290-41D6-95FC-983EEE56741E}.AppStore|ARM64.Deploy.0 = Release|ARM64
		{72B04331-D290-41D6-95FC-983EEE56741E}.AppStore|iPhone.ActiveCfg = Release|x64
		{72B04331-D290-41D6-95FC-983EEE56741E}.AppStore|iPhone.Build.0 = Release|x64
		{72B04331-D290-41D6-95FC-983EEE56741E}.AppStore|iPhone.Deploy.0 = Release|x64
		{72B04331-D290-41D6-95FC-983EEE56741E}.AppStore|iPhoneSimulator.ActiveCfg = Release|x64
		{72B04331-D290-41D6-95FC-983EEE56741E}.AppStore|iPhoneSimulator.Build.0 = Release|x64
		{72B04331-D290-41D6-95FC-983EEE56741E}.AppStore|iPhoneSimulator.Deploy.0 = Release|x64
		{72B04331-D290-41D6-95FC-983EEE56741E}.AppStore|x64.ActiveCfg = Release|x64
		{72B04331-D290-41D6-95FC-983EEE56741E}.AppStore|x64.Build.0 = Release|x64
		{72B04331-D290-41D6-95FC-983EEE56741E}.AppStore|x64.Deploy.0 = Release|x64
		{72B04331-D290-41D6-95FC-983EEE56741E}.AppStore|x86.ActiveCfg = Release|x86
		{72B04331-D290-41D6-95FC-983EEE56741E}.AppStore|x86.Build.0 = Release|x86
		{72B04331-D290-41D6-95FC-983EEE56741E}.AppStore|x86.Deploy.0 = Release|x86
		{72B04331-D290-41D6-95FC-983EEE56741E}.Debug|Any CPU.ActiveCfg = Debug|x86
		{72B04331-D290-41D6-95FC-983EEE56741E}.Debug|Any CPU.Build.0 = Debug|x86
		{72B04331-D290-41D6-95FC-983EEE56741E}.Debug|Any CPU.Deploy.0 = Debug|x86
		{72B04331-D290-41D6-95FC-983EEE56741E}.Debug|ARM.ActiveCfg = Debug|ARM
		{72B04331-D290-41D6-95FC-983EEE56741E}.Debug|ARM.Build.0 = Debug|ARM
		{72B04331-D290-41D6-95FC-983EEE56741E}.Debug|ARM.Deploy.0 = Debug|ARM
		{72B04331-D290-41D6-95FC-983EEE56741E}.Debug|ARM64.ActiveCfg = Debug|ARM64
		{72B04331-D290-41D6-95FC-983EEE56741E}.Debug|ARM64.Build.0 = Debug|ARM64
		{72B04331-D290-41D6-95FC-983EEE56741E}.Debug|ARM64.Deploy.0 = Debug|ARM64
		{72B04331-D290-41D6-95FC-983EEE56741E}.Debug|iPhone.ActiveCfg = Debug|x86
		{72B04331-D290-41D6-95FC-983EEE56741E}.Debug|iPhoneSimulator.ActiveCfg = Debug|x86
		{72B04331-D290-41D6-95FC-983EEE56741E}.Debug|x64.ActiveCfg = Debug|x64
		{72B04331-D290-41D6-95FC-983EEE56741E}.Debug|x64.Build.0 = Debug|x64
		{72B04331-D290-41D6-95FC-983EEE56741E}.Debug|x64.Deploy.0 = Debug|x64
		{72B04331-D290-41D6-95FC-983EEE56741E}.Debug|x86.ActiveCfg = Debug|x86
		{72B04331-D290-41D6-95FC-983EEE56741E}.Debug|x86.Build.0 = Debug|x86
		{72B04331-D290-41D6-95FC-983EEE56741E}.Debug|x86.Deploy.0 = Debug|x86
		{72B04331-D290-41D6-95FC-983EEE56741E}.Release|Any CPU.ActiveCfg = Release|x86
		{72B04331-D290-41D6-95FC-983EEE56741E}.Release|ARM.ActiveCfg = Release|ARM
		{72B04331-D290-41D6-95FC-983EEE56741E}.Release|ARM.Build.0 = Release|ARM
		{72B04331-D290-41D6-95FC-983EEE56741E}.Release|ARM.Deploy.0 = Release|ARM
		{72B04331-D290-41D6-95FC-983EEE56741E}.Release|ARM64.ActiveCfg = Release|ARM64
		{72B04331-D290-41D6-95FC-983EEE56741E}.Release|ARM64.Build.0 = Release|ARM64
		{72B04331-D290-41D6-95FC-983EEE56741E}.Release|ARM64.Deploy.0 = Release|ARM64
		{72B04331-D290-41D6-95FC-983EEE56741E}.Release|iPhone.ActiveCfg = Release|x86
		{72B04331-D290-41D6-95FC-983EEE56741E}.Release|iPhoneSimulator.ActiveCfg = Release|x86
		{72B04331-D290-41D6-95FC-983EEE56741E}.Release|x64.ActiveCfg = Release|x64
		{72B04331-D290-41D6-95FC-983EEE56741E}.Release|x64.Build.0 = Release|x64
		{72B04331-D290-41D6-95FC-983EEE56741E}.Release|x64.Deploy.0 = Release|x64
		{72B04331-D290-41D6-95FC-983EEE56741E}.Release|x86.ActiveCfg = Release|x86
		{72B04331-D290-41D6-95FC-983EEE56741E}.Release|x86.Build.0 = Release|x86
		{72B04331-D290-41D6-95FC-983EEE56741E}.Release|x86.Deploy.0 = Release|x86
		{011B686A-9B27-4BC6-8100-EF2F15727371}.Ad-Hoc|Any CPU.ActiveCfg = Debug|Any CPU
		{011B686A-9B27-4BC6-8100-EF2F15727371}.Ad-Hoc|Any CPU.Build.0 = Debug|Any CPU
		{011B686A-9B27-4BC6-8100-EF2F15727371}.Ad-Hoc|ARM.ActiveCfg = Debug|Any CPU
		{011B686A-9B27-4BC6-8100-EF2F15727371}.Ad-Hoc|ARM.Build.0 = Debug|Any CPU
		{011B686A-9B27-4BC6-8100-EF2F15727371}.Ad-Hoc|ARM64.ActiveCfg = Debug|Any CPU
		{011B686A-9B27-4BC6-8100-EF2F15727371}.Ad-Hoc|ARM64.Build.0 = Debug|Any CPU
		{011B686A-9B27-4BC6-8100-EF2F15727371}.Ad-Hoc|iPhone.ActiveCfg = Debug|Any CPU
		{011B686A-9B27-4BC6-8100-EF2F15727371}.Ad-Hoc|iPhone.Build.0 = Debug|Any CPU
		{011B686A-9B27-4BC6-8100-EF2F15727371}.Ad-Hoc|iPhoneSimulator.ActiveCfg = Debug|Any CPU
		{011B686A-9B27-4BC6-8100-EF2F15727371}.Ad-Hoc|iPhoneSimulator.Build.0 = Debug|Any CPU
		{011B686A-9B27-4BC6-8100-EF2F15727371}.Ad-Hoc|x64.ActiveCfg = Debug|Any CPU
		{011B686A-9B27-4BC6-8100-EF2F15727371}.Ad-Hoc|x64.Build.0 = Debug|Any CPU
		{011B686A-9B27-4BC6-8100-EF2F15727371}.Ad-Hoc|x86.ActiveCfg = Debug|Any CPU
		{011B686A-9B27-4BC6-8100-EF2F15727371}.Ad-Hoc|x86.Build.0 = Debug|Any CPU
		{011B686A-9B27-4BC6-8100-EF2F15727371}.AppStore|Any CPU.ActiveCfg = Debug|Any CPU
		{011B686A-9B27-4BC6-8100-EF2F15727371}.AppStore|Any CPU.Build.0 = Debug|Any CPU
		{011B686A-9B27-4BC6-8100-EF2F15727371}.AppStore|ARM.ActiveCfg = Debug|Any CPU
		{011B686A-9B27-4BC6-8100-EF2F15727371}.AppStore|ARM.Build.0 = Debug|Any CPU
		{011B686A-9B27-4BC6-8100-EF2F15727371}.AppStore|ARM64.ActiveCfg = Debug|Any CPU
		{011B686A-9B27-4BC6-8100-EF2F15727371}.AppStore|ARM64.Build.0 = Debug|Any CPU
		{011B686A-9B27-4BC6-8100-EF2F15727371}.AppStore|iPhone.ActiveCfg = Debug|Any CPU
		{011B686A-9B27-4BC6-8100-EF2F15727371}.AppStore|iPhone.Build.0 = Debug|Any CPU
		{011B686A-9B27-4BC6-8100-EF2F15727371}.AppStore|iPhoneSimulator.ActiveCfg = Debug|Any CPU
		{011B686A-9B27-4BC6-8100-EF2F15727371}.AppStore|iPhoneSimulator.Build.0 = Debug|Any CPU
		{011B686A-9B27-4BC6-8100-EF2F15727371}.AppStore|x64.ActiveCfg = Debug|Any CPU
		{011B686A-9B27-4BC6-8100-EF2F15727371}.AppStore|x64.Build.0 = Debug|Any CPU
		{011B686A-9B27-4BC6-8100-EF2F15727371}.AppStore|x86.ActiveCfg = Debug|Any CPU
		{011B686A-9B27-4BC6-8100-EF2F15727371}.AppStore|x86.Build.0 = Debug|Any CPU
		{011B686A-9B27-4BC6-8100-EF2F15727371}.Debug|Any CPU.ActiveCfg = Debug|Any CPU
		{011B686A-9B27-4BC6-8100-EF2F15727371}.Debug|Any CPU.Build.0 = Debug|Any CPU
		{011B686A-9B27-4BC6-8100-EF2F15727371}.Debug|ARM.ActiveCfg = Debug|Any CPU
		{011B686A-9B27-4BC6-8100-EF2F15727371}.Debug|ARM.Build.0 = Debug|Any CPU
		{011B686A-9B27-4BC6-8100-EF2F15727371}.Debug|ARM64.ActiveCfg = Debug|Any CPU
		{011B686A-9B27-4BC6-8100-EF2F15727371}.Debug|ARM64.Build.0 = Debug|Any CPU
		{011B686A-9B27-4BC6-8100-EF2F15727371}.Debug|iPhone.ActiveCfg = Debug|Any CPU
		{011B686A-9B27-4BC6-8100-EF2F15727371}.Debug|iPhone.Build.0 = Debug|Any CPU
		{011B686A-9B27-4BC6-8100-EF2F15727371}.Debug|iPhoneSimulator.ActiveCfg = Debug|Any CPU
		{011B686A-9B27-4BC6-8100-EF2F15727371}.Debug|iPhoneSimulator.Build.0 = Debug|Any CPU
		{011B686A-9B27-4BC6-8100-EF2F15727371}.Debug|x64.ActiveCfg = Debug|Any CPU
		{011B686A-9B27-4BC6-8100-EF2F15727371}.Debug|x64.Build.0 = Debug|Any CPU
		{011B686A-9B27-4BC6-8100-EF2F15727371}.Debug|x86.ActiveCfg = Debug|Any CPU
		{011B686A-9B27-4BC6-8100-EF2F15727371}.Debug|x86.Build.0 = Debug|Any CPU
		{011B686A-9B27-4BC6-8100-EF2F15727371}.Release|Any CPU.ActiveCfg = Release|Any CPU
		{011B686A-9B27-4BC6-8100-EF2F15727371}.Release|Any CPU.Build.0 = Release|Any CPU
		{011B686A-9B27-4BC6-8100-EF2F15727371}.Release|ARM.ActiveCfg = Release|Any CPU
		{011B686A-9B27-4BC6-8100-EF2F15727371}.Release|ARM.Build.0 = Release|Any CPU
		{011B686A-9B27-4BC6-8100-EF2F15727371}.Release|ARM64.ActiveCfg = Release|Any CPU
		{011B686A-9B27-4BC6-8100-EF2F15727371}.Release|ARM64.Build.0 = Release|Any CPU
		{011B686A-9B27-4BC6-8100-EF2F15727371}.Release|iPhone.ActiveCfg = Release|Any CPU
		{011B686A-9B27-4BC6-8100-EF2F15727371}.Release|iPhone.Build.0 = Release|Any CPU
		{011B686A-9B27-4BC6-8100-EF2F15727371}.Release|iPhoneSimulator.ActiveCfg = Release|Any CPU
		{011B686A-9B27-4BC6-8100-EF2F15727371}.Release|iPhoneSimulator.Build.0 = Release|Any CPU
		{011B686A-9B27-4BC6-8100-EF2F15727371}.Release|x64.ActiveCfg = Release|Any CPU
		{011B686A-9B27-4BC6-8100-EF2F15727371}.Release|x64.Build.0 = Release|Any CPU
		{011B686A-9B27-4BC6-8100-EF2F15727371}.Release|x86.ActiveCfg = Release|Any CPU
		{011B686A-9B27-4BC6-8100-EF2F15727371}.Release|x86.Build.0 = Release|Any CPU
		{91CF142F-575D-4F71-AC74-195B8FA61FDC}.Ad-Hoc|Any CPU.ActiveCfg = Release|iPhoneSimulator
		{91CF142F-575D-4F71-AC74-195B8FA61FDC}.Ad-Hoc|Any CPU.Build.0 = Release|iPhoneSimulator
		{91CF142F-575D-4F71-AC74-195B8FA61FDC}.Ad-Hoc|ARM.ActiveCfg = Release|iPhoneSimulator
		{91CF142F-575D-4F71-AC74-195B8FA61FDC}.Ad-Hoc|ARM.Build.0 = Release|iPhoneSimulator
		{91CF142F-575D-4F71-AC74-195B8FA61FDC}.Ad-Hoc|ARM64.ActiveCfg = Release|iPhoneSimulator
		{91CF142F-575D-4F71-AC74-195B8FA61FDC}.Ad-Hoc|ARM64.Build.0 = Release|iPhoneSimulator
		{91CF142F-575D-4F71-AC74-195B8FA61FDC}.Ad-Hoc|iPhone.ActiveCfg = Release|iPhoneSimulator
		{91CF142F-575D-4F71-AC74-195B8FA61FDC}.Ad-Hoc|iPhone.Build.0 = Release|iPhoneSimulator
		{91CF142F-575D-4F71-AC74-195B8FA61FDC}.Ad-Hoc|iPhoneSimulator.ActiveCfg = Release|iPhoneSimulator
		{91CF142F-575D-4F71-AC74-195B8FA61FDC}.Ad-Hoc|iPhoneSimulator.Build.0 = Release|iPhoneSimulator
		{91CF142F-575D-4F71-AC74-195B8FA61FDC}.Ad-Hoc|x64.ActiveCfg = Release|iPhoneSimulator
		{91CF142F-575D-4F71-AC74-195B8FA61FDC}.Ad-Hoc|x64.Build.0 = Release|iPhoneSimulator
		{91CF142F-575D-4F71-AC74-195B8FA61FDC}.Ad-Hoc|x86.ActiveCfg = Release|iPhoneSimulator
		{91CF142F-575D-4F71-AC74-195B8FA61FDC}.Ad-Hoc|x86.Build.0 = Release|iPhoneSimulator
		{91CF142F-575D-4F71-AC74-195B8FA61FDC}.AppStore|Any CPU.ActiveCfg = Release|iPhoneSimulator
		{91CF142F-575D-4F71-AC74-195B8FA61FDC}.AppStore|Any CPU.Build.0 = Release|iPhoneSimulator
		{91CF142F-575D-4F71-AC74-195B8FA61FDC}.AppStore|ARM.ActiveCfg = Release|iPhoneSimulator
		{91CF142F-575D-4F71-AC74-195B8FA61FDC}.AppStore|ARM.Build.0 = Release|iPhoneSimulator
		{91CF142F-575D-4F71-AC74-195B8FA61FDC}.AppStore|ARM64.ActiveCfg = Release|iPhoneSimulator
		{91CF142F-575D-4F71-AC74-195B8FA61FDC}.AppStore|ARM64.Build.0 = Release|iPhoneSimulator
		{91CF142F-575D-4F71-AC74-195B8FA61FDC}.AppStore|iPhone.ActiveCfg = Release|iPhoneSimulator
		{91CF142F-575D-4F71-AC74-195B8FA61FDC}.AppStore|iPhone.Build.0 = Release|iPhoneSimulator
		{91CF142F-575D-4F71-AC74-195B8FA61FDC}.AppStore|iPhoneSimulator.ActiveCfg = Release|iPhoneSimulator
		{91CF142F-575D-4F71-AC74-195B8FA61FDC}.AppStore|iPhoneSimulator.Build.0 = Release|iPhoneSimulator
		{91CF142F-575D-4F71-AC74-195B8FA61FDC}.AppStore|x64.ActiveCfg = Release|iPhoneSimulator
		{91CF142F-575D-4F71-AC74-195B8FA61FDC}.AppStore|x64.Build.0 = Release|iPhoneSimulator
		{91CF142F-575D-4F71-AC74-195B8FA61FDC}.AppStore|x86.ActiveCfg = Release|iPhoneSimulator
		{91CF142F-575D-4F71-AC74-195B8FA61FDC}.AppStore|x86.Build.0 = Release|iPhoneSimulator
		{91CF142F-575D-4F71-AC74-195B8FA61FDC}.Debug|Any CPU.ActiveCfg = Debug|iPhoneSimulator
		{91CF142F-575D-4F71-AC74-195B8FA61FDC}.Debug|ARM.ActiveCfg = Debug|iPhoneSimulator
		{91CF142F-575D-4F71-AC74-195B8FA61FDC}.Debug|ARM64.ActiveCfg = Debug|iPhoneSimulator
		{91CF142F-575D-4F71-AC74-195B8FA61FDC}.Debug|iPhone.ActiveCfg = Debug|iPhoneSimulator
		{91CF142F-575D-4F71-AC74-195B8FA61FDC}.Debug|iPhoneSimulator.ActiveCfg = Debug|iPhoneSimulator
		{91CF142F-575D-4F71-AC74-195B8FA61FDC}.Debug|iPhoneSimulator.Build.0 = Debug|iPhoneSimulator
		{91CF142F-575D-4F71-AC74-195B8FA61FDC}.Debug|x64.ActiveCfg = Debug|iPhoneSimulator
		{91CF142F-575D-4F71-AC74-195B8FA61FDC}.Debug|x86.ActiveCfg = Debug|iPhoneSimulator
		{91CF142F-575D-4F71-AC74-195B8FA61FDC}.Release|Any CPU.ActiveCfg = Release|iPhoneSimulator
		{91CF142F-575D-4F71-AC74-195B8FA61FDC}.Release|ARM.ActiveCfg = Release|iPhoneSimulator
		{91CF142F-575D-4F71-AC74-195B8FA61FDC}.Release|ARM64.ActiveCfg = Release|iPhoneSimulator
		{91CF142F-575D-4F71-AC74-195B8FA61FDC}.Release|iPhone.ActiveCfg = Release|iPhoneSimulator
		{91CF142F-575D-4F71-AC74-195B8FA61FDC}.Release|iPhoneSimulator.ActiveCfg = Release|iPhoneSimulator
		{91CF142F-575D-4F71-AC74-195B8FA61FDC}.Release|iPhoneSimulator.Build.0 = Release|iPhoneSimulator
		{91CF142F-575D-4F71-AC74-195B8FA61FDC}.Release|x64.ActiveCfg = Release|iPhoneSimulator
		{91CF142F-575D-4F71-AC74-195B8FA61FDC}.Release|x86.ActiveCfg = Release|iPhoneSimulator
	EndGlobalSection
	GlobalSection(SolutionProperties) = preSolution
		HideSolutionNode = FALSE
	EndGlobalSection
	GlobalSection(ExtensibilityGlobals) = postSolution
		SolutionGuid = {BE68CB2A-66E8-42F0-930C-0455474214FB}
	EndGlobalSection
EndGlobal
